
Microsoft Visual Studio Solution File, Format Version 12.00
# Visual Studio Version 17
VisualStudioVersion = 17.11.35312.102
MinimumVisualStudioVersion = 10.0.40219.1
Project("{FAE04EC0-301F-11D3-BF4B-00C04F79EFBC}") = "Task-Array,Big O notation,Object", "Task-Array,Big O notation,Object\Task-Array,Big O notation,Object.csproj", "{9E227181-23F0-45EC-A6D8-8A633B8DCD56}"
EndProject
Global
	GlobalSection(SolutionConfigurationPlatforms) = preSolution
		Debug|Any CPU = Debug|Any CPU
		Release|Any CPU = Release|Any CPU
	EndGlobalSection
	GlobalSection(ProjectConfigurationPlatforms) = postSolution
		{9E227181-23F0-45EC-A6D8-8A633B8DCD56}.Debug|Any CPU.ActiveCfg = Debug|Any CPU
		{9E227181-23F0-45EC-A6D8-8A633B8DCD56}.Debug|Any CPU.Build.0 = Debug|Any CPU
		{9E227181-23F0-45EC-A6D8-8A633B8DCD56}.Release|Any CPU.ActiveCfg = Release|Any CPU
		{9E227181-23F0-45EC-A6D8-8A633B8DCD56}.Release|Any CPU.Build.0 = Release|Any CPU
	EndGlobalSection
	GlobalSection(SolutionProperties) = preSolution
		HideSolutionNode = FALSE
	EndGlobalSection
	GlobalSection(ExtensibilityGlobals) = postSolution
		SolutionGuid = {F92807BA-EBF4-4A10-AD0F-98079E408E9C}
	EndGlobalSection
EndGlobal
